
Microsoft Visual Studio Solution File, Format Version 12.00
# Visual Studio 2012
Project("{888888A0-9F3D-457C-B088-3A5042F75D52}") = "dijkstraAlgorithm", "dijkstraAlgorithm\dijkstraAlgorithm.pyproj", "{B512179D-4D28-4BE5-BB26-2DCD92FB9DCA}"
EndProject
Global
	GlobalSection(SolutionConfigurationPlatforms) = preSolution
		Debug|Any CPU = Debug|Any CPU
		Release|Any CPU = Release|Any CPU
	EndGlobalSection
	GlobalSection(ProjectConfigurationPlatforms) = postSolution
		{B512179D-4D28-4BE5-BB26-2DCD92FB9DCA}.Debug|Any CPU.ActiveCfg = Debug|Any CPU
		{B512179D-4D28-4BE5-BB26-2DCD92FB9DCA}.Debug|Any CPU.Build.0 = Debug|Any CPU
		{B512179D-4D28-4BE5-BB26-2DCD92FB9DCA}.Release|Any CPU.ActiveCfg = Release|Any CPU
		{B512179D-4D28-4BE5-BB26-2DCD92FB9DCA}.Release|Any CPU.Build.0 = Release|Any CPU
	EndGlobalSection
	GlobalSection(SolutionProperties) = preSolution
		HideSolutionNode = FALSE
	EndGlobalSection
EndGlobal
